
Microsoft Visual Studio Solution File, Format Version 12.00
# Visual Studio Version 16
VisualStudioVersion = 16.0.31624.102
MinimumVisualStudioVersion = 10.0.40219.1
Project("{9A19103F-16F7-4668-BE54-9A1E7A4F7556}") = "FormeConsole", "FormeConsole\FormeConsole.csproj", "{FA6DB234-60F7-4EC0-9C01-0FC5C85F8EB9}"
EndProject
Project("{FAE04EC0-301F-11D3-BF4B-00C04F79EFBC}") = "AziendaPattern", "AziendaPattern\AziendaPattern.csproj", "{4B52DA1E-50CE-41D4-84C1-E2B477E6AED1}"
EndProject
Global
	GlobalSection(SolutionConfigurationPlatforms) = preSolution
		Debug|Any CPU = Debug|Any CPU
		Release|Any CPU = Release|Any CPU
	EndGlobalSection
	GlobalSection(ProjectConfigurationPlatforms) = postSolution
		{FA6DB234-60F7-4EC0-9C01-0FC5C85F8EB9}.Debug|Any CPU.ActiveCfg = Debug|Any CPU
		{FA6DB234-60F7-4EC0-9C01-0FC5C85F8EB9}.Debug|Any CPU.Build.0 = Debug|Any CPU
		{FA6DB234-60F7-4EC0-9C01-0FC5C85F8EB9}.Release|Any CPU.ActiveCfg = Release|Any CPU
		{FA6DB234-60F7-4EC0-9C01-0FC5C85F8EB9}.Release|Any CPU.Build.0 = Release|Any CPU
		{4B52DA1E-50CE-41D4-84C1-E2B477E6AED1}.Debug|Any CPU.ActiveCfg = Debug|Any CPU
		{4B52DA1E-50CE-41D4-84C1-E2B477E6AED1}.Debug|Any CPU.Build.0 = Debug|Any CPU
		{4B52DA1E-50CE-41D4-84C1-E2B477E6AED1}.Release|Any CPU.ActiveCfg = Release|Any CPU
		{4B52DA1E-50CE-41D4-84C1-E2B477E6AED1}.Release|Any CPU.Build.0 = Release|Any CPU
	EndGlobalSection
	GlobalSection(SolutionProperties) = preSolution
		HideSolutionNode = FALSE
	EndGlobalSection
	GlobalSection(ExtensibilityGlobals) = postSolution
		SolutionGuid = {605AF011-4C5A-4934-8B03-372B46E08A53}
	EndGlobalSection
EndGlobal
